
Microsoft Visual Studio Solution File, Format Version 12.00
# Visual Studio Version 17
VisualStudioVersion = 17.0.31912.275
MinimumVisualStudioVersion = 10.0.40219.1
Project("{FAE04EC0-301F-11D3-BF4B-00C04F79EFBC}") = "AgentOps.Core", "src\AgentOps.Core\AgentOps.Core.csproj", "{F48C209C-717B-4ACD-BC1E-E4AF4AE3223B}"
EndProject
Project("{FAE04EC0-301F-11D3-BF4B-00C04F79EFBC}") = "AgentOps.Application", "src\AgentOps.Application\AgentOps.Application.csproj", "{7901CC86-1C66-4E24-9EA6-653D6E5D0C86}"
EndProject
Project("{FAE04EC0-301F-11D3-BF4B-00C04F79EFBC}") = "AgentOps.Infrastructure", "src\AgentOps.Infrastructure\AgentOps.Infrastructure.csproj", "{C8177EC6-ADB3-485C-AEDE-093875FB25F2}"
EndProject
Project("{FAE04EC0-301F-11D3-BF4B-00C04F79EFBC}") = "AgentOps.Security", "src\AgentOps.Security\AgentOps.Security.csproj", "{3290614C-BF77-40BE-8FA4-5F6F5377C5E6}"
EndProject
Project("{FAE04EC0-301F-11D3-BF4B-00C04F79EFBC}") = "AgentOps.Agents", "src\AgentOps.Agents\AgentOps.Agents.csproj", "{5FDF89F8-E0E2-4788-A6AC-06676202559A}"
EndProject
Project("{FAE04EC0-301F-11D3-BF4B-00C04F79EFBC}") = "AgentOps.CLI", "src\AgentOps.CLI\AgentOps.CLI.csproj", "{C67B531A-5714-44CA-9D36-F8CC782F9AC4}"
EndProject
Project("{FAE04EC0-301F-11D3-BF4B-00C04F79EFBC}") = "AgentOps.GitHub", "src\AgentOps.GitHub\AgentOps.GitHub.csproj", "{E5F9A8B2-7D4E-4F2C-A1B3-C8D9E4F7A5B2}"
EndProject
Project("{FAE04EC0-301F-11D3-BF4B-00C04F79EFBC}") = "AgentOps.Core.Tests", "tests\AgentOps.Core.Tests\AgentOps.Core.Tests.csproj", "{11F56F98-9AA9-470F-BD13-5346EDBB0B5F}"
EndProject
Project("{FAE04EC0-301F-11D3-BF4B-00C04F79EFBC}") = "AgentOps.Application.Tests", "tests\AgentOps.Application.Tests\AgentOps.Application.Tests.csproj", "{1AA08C56-749A-4339-A63A-D8FFB8EC951B}"
EndProject
Project("{FAE04EC0-301F-11D3-BF4B-00C04F79EFBC}") = "AgentOps.Security.Tests", "tests\AgentOps.Security.Tests\AgentOps.Security.Tests.csproj", "{04BD5DEC-9664-4349-84FB-A991B2D32429}"
EndProject
Project("{FAE04EC0-301F-11D3-BF4B-00C04F79EFBC}") = "AgentOps.CLI.Tests", "tests\AgentOps.CLI.Tests\AgentOps.CLI.Tests.csproj", "{27EDB479-F8F1-44A4-B9E8-80892A632383}"
EndProject
Project("{2150E333-8FDC-42A3-9474-1A3956D46DE8}") = "tests", "tests", "{0AB3BF05-4346-4AA6-1389-037BE0695223}"
EndProject
Project("{FAE04EC0-301F-11D3-BF4B-00C04F79EFBC}") = "AgentOps.Infrastructure.Tests", "tests\AgentOps.Infrastructure.Tests\AgentOps.Infrastructure.Tests.csproj", "{25D09B5C-6C48-41B4-93EF-DF11D441BCDF}"
EndProject
Project("{2150E333-8FDC-42A3-9474-1A3956D46DE8}") = "src", "src", "{827E0CD3-B72D-47B6-A68D-7590B98EB39B}"
EndProject
Global
	GlobalSection(SolutionConfigurationPlatforms) = preSolution
		Debug|Any CPU = Debug|Any CPU
		Debug|x64 = Debug|x64
		Debug|x86 = Debug|x86
		Release|Any CPU = Release|Any CPU
		Release|x64 = Release|x64
		Release|x86 = Release|x86
	EndGlobalSection
	GlobalSection(ProjectConfigurationPlatforms) = postSolution
		{F48C209C-717B-4ACD-BC1E-E4AF4AE3223B}.Debug|Any CPU.ActiveCfg = Debug|Any CPU
		{F48C209C-717B-4ACD-BC1E-E4AF4AE3223B}.Debug|Any CPU.Build.0 = Debug|Any CPU
		{F48C209C-717B-4ACD-BC1E-E4AF4AE3223B}.Debug|x64.ActiveCfg = Debug|Any CPU
		{F48C209C-717B-4ACD-BC1E-E4AF4AE3223B}.Debug|x64.Build.0 = Debug|Any CPU
		{F48C209C-717B-4ACD-BC1E-E4AF4AE3223B}.Debug|x86.ActiveCfg = Debug|Any CPU
		{F48C209C-717B-4ACD-BC1E-E4AF4AE3223B}.Debug|x86.Build.0 = Debug|Any CPU
		{F48C209C-717B-4ACD-BC1E-E4AF4AE3223B}.Release|Any CPU.ActiveCfg = Release|Any CPU
		{F48C209C-717B-4ACD-BC1E-E4AF4AE3223B}.Release|Any CPU.Build.0 = Release|Any CPU
		{F48C209C-717B-4ACD-BC1E-E4AF4AE3223B}.Release|x64.ActiveCfg = Release|Any CPU
		{F48C209C-717B-4ACD-BC1E-E4AF4AE3223B}.Release|x64.Build.0 = Release|Any CPU
		{F48C209C-717B-4ACD-BC1E-E4AF4AE3223B}.Release|x86.ActiveCfg = Release|Any CPU
		{F48C209C-717B-4ACD-BC1E-E4AF4AE3223B}.Release|x86.Build.0 = Release|Any CPU
		{7901CC86-1C66-4E24-9EA6-653D6E5D0C86}.Debug|Any CPU.ActiveCfg = Debug|Any CPU
		{7901CC86-1C66-4E24-9EA6-653D6E5D0C86}.Debug|Any CPU.Build.0 = Debug|Any CPU
		{7901CC86-1C66-4E24-9EA6-653D6E5D0C86}.Debug|x64.ActiveCfg = Debug|Any CPU
		{7901CC86-1C66-4E24-9EA6-653D6E5D0C86}.Debug|x64.Build.0 = Debug|Any CPU
		{7901CC86-1C66-4E24-9EA6-653D6E5D0C86}.Debug|x86.ActiveCfg = Debug|Any CPU
		{7901CC86-1C66-4E24-9EA6-653D6E5D0C86}.Debug|x86.Build.0 = Debug|Any CPU
		{7901CC86-1C66-4E24-9EA6-653D6E5D0C86}.Release|Any CPU.ActiveCfg = Release|Any CPU
		{7901CC86-1C66-4E24-9EA6-653D6E5D0C86}.Release|Any CPU.Build.0 = Release|Any CPU
		{7901CC86-1C66-4E24-9EA6-653D6E5D0C86}.Release|x64.ActiveCfg = Release|Any CPU
		{7901CC86-1C66-4E24-9EA6-653D6E5D0C86}.Release|x64.Build.0 = Release|Any CPU
		{7901CC86-1C66-4E24-9EA6-653D6E5D0C86}.Release|x86.ActiveCfg = Release|Any CPU
		{7901CC86-1C66-4E24-9EA6-653D6E5D0C86}.Release|x86.Build.0 = Release|Any CPU
		{C8177EC6-ADB3-485C-AEDE-093875FB25F2}.Debug|Any CPU.ActiveCfg = Debug|Any CPU
		{C8177EC6-ADB3-485C-AEDE-093875FB25F2}.Debug|Any CPU.Build.0 = Debug|Any CPU
		{C8177EC6-ADB3-485C-AEDE-093875FB25F2}.Debug|x64.ActiveCfg = Debug|Any CPU
		{C8177EC6-ADB3-485C-AEDE-093875FB25F2}.Debug|x64.Build.0 = Debug|Any CPU
		{C8177EC6-ADB3-485C-AEDE-093875FB25F2}.Debug|x86.ActiveCfg = Debug|Any CPU
		{C8177EC6-ADB3-485C-AEDE-093875FB25F2}.Debug|x86.Build.0 = Debug|Any CPU
		{C8177EC6-ADB3-485C-AEDE-093875FB25F2}.Release|Any CPU.ActiveCfg = Release|Any CPU
		{C8177EC6-ADB3-485C-AEDE-093875FB25F2}.Release|Any CPU.Build.0 = Release|Any CPU
		{C8177EC6-ADB3-485C-AEDE-093875FB25F2}.Release|x64.ActiveCfg = Release|Any CPU
		{C8177EC6-ADB3-485C-AEDE-093875FB25F2}.Release|x64.Build.0 = Release|Any CPU
		{C8177EC6-ADB3-485C-AEDE-093875FB25F2}.Release|x86.ActiveCfg = Release|Any CPU
		{C8177EC6-ADB3-485C-AEDE-093875FB25F2}.Release|x86.Build.0 = Release|Any CPU
		{3290614C-BF77-40BE-8FA4-5F6F5377C5E6}.Debug|Any CPU.ActiveCfg = Debug|Any CPU
		{3290614C-BF77-40BE-8FA4-5F6F5377C5E6}.Debug|Any CPU.Build.0 = Debug|Any CPU
		{3290614C-BF77-40BE-8FA4-5F6F5377C5E6}.Debug|x64.ActiveCfg = Debug|Any CPU
		{3290614C-BF77-40BE-8FA4-5F6F5377C5E6}.Debug|x64.Build.0 = Debug|Any CPU
		{3290614C-BF77-40BE-8FA4-5F6F5377C5E6}.Debug|x86.ActiveCfg = Debug|Any CPU
		{3290614C-BF77-40BE-8FA4-5F6F5377C5E6}.Debug|x86.Build.0 = Debug|Any CPU
		{3290614C-BF77-40BE-8FA4-5F6F5377C5E6}.Release|Any CPU.ActiveCfg = Release|Any CPU
		{3290614C-BF77-40BE-8FA4-5F6F5377C5E6}.Release|Any CPU.Build.0 = Release|Any CPU
		{3290614C-BF77-40BE-8FA4-5F6F5377C5E6}.Release|x64.ActiveCfg = Release|Any CPU
		{3290614C-BF77-40BE-8FA4-5F6F5377C5E6}.Release|x64.Build.0 = Release|Any CPU
		{3290614C-BF77-40BE-8FA4-5F6F5377C5E6}.Release|x86.ActiveCfg = Release|Any CPU
		{3290614C-BF77-40BE-8FA4-5F6F5377C5E6}.Release|x86.Build.0 = Release|Any CPU
		{5FDF89F8-E0E2-4788-A6AC-06676202559A}.Debug|Any CPU.ActiveCfg = Debug|Any CPU
		{5FDF89F8-E0E2-4788-A6AC-06676202559A}.Debug|Any CPU.Build.0 = Debug|Any CPU
		{5FDF89F8-E0E2-4788-A6AC-06676202559A}.Debug|x64.ActiveCfg = Debug|Any CPU
		{5FDF89F8-E0E2-4788-A6AC-06676202559A}.Debug|x64.Build.0 = Debug|Any CPU
		{5FDF89F8-E0E2-4788-A6AC-06676202559A}.Debug|x86.ActiveCfg = Debug|Any CPU
		{5FDF89F8-E0E2-4788-A6AC-06676202559A}.Debug|x86.Build.0 = Debug|Any CPU
		{5FDF89F8-E0E2-4788-A6AC-06676202559A}.Release|Any CPU.ActiveCfg = Release|Any CPU
		{5FDF89F8-E0E2-4788-A6AC-06676202559A}.Release|Any CPU.Build.0 = Release|Any CPU
		{5FDF89F8-E0E2-4788-A6AC-06676202559A}.Release|x64.ActiveCfg = Release|Any CPU
		{5FDF89F8-E0E2-4788-A6AC-06676202559A}.Release|x64.Build.0 = Release|Any CPU
		{5FDF89F8-E0E2-4788-A6AC-06676202559A}.Release|x86.ActiveCfg = Release|Any CPU
		{5FDF89F8-E0E2-4788-A6AC-06676202559A}.Release|x86.Build.0 = Release|Any CPU
		{C67B531A-5714-44CA-9D36-F8CC782F9AC4}.Debug|Any CPU.ActiveCfg = Debug|Any CPU
		{C67B531A-5714-44CA-9D36-F8CC782F9AC4}.Debug|Any CPU.Build.0 = Debug|Any CPU
		{C67B531A-5714-44CA-9D36-F8CC782F9AC4}.Debug|x64.ActiveCfg = Debug|Any CPU
		{C67B531A-5714-44CA-9D36-F8CC782F9AC4}.Debug|x64.Build.0 = Debug|Any CPU
		{C67B531A-5714-44CA-9D36-F8CC782F9AC4}.Debug|x86.ActiveCfg = Debug|Any CPU
		{C67B531A-5714-44CA-9D36-F8CC782F9AC4}.Debug|x86.Build.0 = Debug|Any CPU
		{C67B531A-5714-44CA-9D36-F8CC782F9AC4}.Release|Any CPU.ActiveCfg = Release|Any CPU
		{C67B531A-5714-44CA-9D36-F8CC782F9AC4}.Release|Any CPU.Build.0 = Release|Any CPU
		{C67B531A-5714-44CA-9D36-F8CC782F9AC4}.Release|x64.ActiveCfg = Release|Any CPU
		{C67B531A-5714-44CA-9D36-F8CC782F9AC4}.Release|x64.Build.0 = Release|Any CPU
		{C67B531A-5714-44CA-9D36-F8CC782F9AC4}.Release|x86.ActiveCfg = Release|Any CPU
		{C67B531A-5714-44CA-9D36-F8CC782F9AC4}.Release|x86.Build.0 = Release|Any CPU
		{E5F9A8B2-7D4E-4F2C-A1B3-C8D9E4F7A5B2}.Debug|Any CPU.ActiveCfg = Debug|Any CPU
		{E5F9A8B2-7D4E-4F2C-A1B3-C8D9E4F7A5B2}.Debug|Any CPU.Build.0 = Debug|Any CPU
		{E5F9A8B2-7D4E-4F2C-A1B3-C8D9E4F7A5B2}.Debug|x64.ActiveCfg = Debug|Any CPU
		{E5F9A8B2-7D4E-4F2C-A1B3-C8D9E4F7A5B2}.Debug|x64.Build.0 = Debug|Any CPU
		{E5F9A8B2-7D4E-4F2C-A1B3-C8D9E4F7A5B2}.Debug|x86.ActiveCfg = Debug|Any CPU
		{E5F9A8B2-7D4E-4F2C-A1B3-C8D9E4F7A5B2}.Debug|x86.Build.0 = Debug|Any CPU
		{E5F9A8B2-7D4E-4F2C-A1B3-C8D9E4F7A5B2}.Release|Any CPU.ActiveCfg = Release|Any CPU
		{E5F9A8B2-7D4E-4F2C-A1B3-C8D9E4F7A5B2}.Release|Any CPU.Build.0 = Release|Any CPU
		{E5F9A8B2-7D4E-4F2C-A1B3-C8D9E4F7A5B2}.Release|x64.ActiveCfg = Release|Any CPU
		{E5F9A8B2-7D4E-4F2C-A1B3-C8D9E4F7A5B2}.Release|x64.Build.0 = Release|Any CPU
		{E5F9A8B2-7D4E-4F2C-A1B3-C8D9E4F7A5B2}.Release|x86.ActiveCfg = Release|Any CPU
		{E5F9A8B2-7D4E-4F2C-A1B3-C8D9E4F7A5B2}.Release|x86.Build.0 = Release|Any CPU
		{11F56F98-9AA9-470F-BD13-5346EDBB0B5F}.Debug|Any CPU.ActiveCfg = Debug|Any CPU
		{11F56F98-9AA9-470F-BD13-5346EDBB0B5F}.Debug|Any CPU.Build.0 = Debug|Any CPU
		{11F56F98-9AA9-470F-BD13-5346EDBB0B5F}.Debug|x64.ActiveCfg = Debug|Any CPU
		{11F56F98-9AA9-470F-BD13-5346EDBB0B5F}.Debug|x64.Build.0 = Debug|Any CPU
		{11F56F98-9AA9-470F-BD13-5346EDBB0B5F}.Debug|x86.ActiveCfg = Debug|Any CPU
		{11F56F98-9AA9-470F-BD13-5346EDBB0B5F}.Debug|x86.Build.0 = Debug|Any CPU
		{11F56F98-9AA9-470F-BD13-5346EDBB0B5F}.Release|Any CPU.ActiveCfg = Release|Any CPU
		{11F56F98-9AA9-470F-BD13-5346EDBB0B5F}.Release|Any CPU.Build.0 = Release|Any CPU
		{11F56F98-9AA9-470F-BD13-5346EDBB0B5F}.Release|x64.ActiveCfg = Release|Any CPU
		{11F56F98-9AA9-470F-BD13-5346EDBB0B5F}.Release|x64.Build.0 = Release|Any CPU
		{11F56F98-9AA9-470F-BD13-5346EDBB0B5F}.Release|x86.ActiveCfg = Release|Any CPU
		{11F56F98-9AA9-470F-BD13-5346EDBB0B5F}.Release|x86.Build.0 = Release|Any CPU
		{1AA08C56-749A-4339-A63A-D8FFB8EC951B}.Debug|Any CPU.ActiveCfg = Debug|Any CPU
		{1AA08C56-749A-4339-A63A-D8FFB8EC951B}.Debug|Any CPU.Build.0 = Debug|Any CPU
		{1AA08C56-749A-4339-A63A-D8FFB8EC951B}.Debug|x64.ActiveCfg = Debug|Any CPU
		{1AA08C56-749A-4339-A63A-D8FFB8EC951B}.Debug|x64.Build.0 = Debug|Any CPU
		{1AA08C56-749A-4339-A63A-D8FFB8EC951B}.Debug|x86.ActiveCfg = Debug|Any CPU
		{1AA08C56-749A-4339-A63A-D8FFB8EC951B}.Debug|x86.Build.0 = Debug|Any CPU
		{1AA08C56-749A-4339-A63A-D8FFB8EC951B}.Release|Any CPU.ActiveCfg = Release|Any CPU
		{1AA08C56-749A-4339-A63A-D8FFB8EC951B}.Release|Any CPU.Build.0 = Release|Any CPU
		{1AA08C56-749A-4339-A63A-D8FFB8EC951B}.Release|x64.ActiveCfg = Release|Any CPU
		{1AA08C56-749A-4339-A63A-D8FFB8EC951B}.Release|x64.Build.0 = Release|Any CPU
		{1AA08C56-749A-4339-A63A-D8FFB8EC951B}.Release|x86.ActiveCfg = Release|Any CPU
		{1AA08C56-749A-4339-A63A-D8FFB8EC951B}.Release|x86.Build.0 = Release|Any CPU
		{04BD5DEC-9664-4349-84FB-A991B2D32429}.Debug|Any CPU.ActiveCfg = Debug|Any CPU
		{04BD5DEC-9664-4349-84FB-A991B2D32429}.Debug|Any CPU.Build.0 = Debug|Any CPU
		{04BD5DEC-9664-4349-84FB-A991B2D32429}.Debug|x64.ActiveCfg = Debug|Any CPU
		{04BD5DEC-9664-4349-84FB-A991B2D32429}.Debug|x64.Build.0 = Debug|Any CPU
		{04BD5DEC-9664-4349-84FB-A991B2D32429}.Debug|x86.ActiveCfg = Debug|Any CPU
		{04BD5DEC-9664-4349-84FB-A991B2D32429}.Debug|x86.Build.0 = Debug|Any CPU
		{04BD5DEC-9664-4349-84FB-A991B2D32429}.Release|Any CPU.ActiveCfg = Release|Any CPU
		{04BD5DEC-9664-4349-84FB-A991B2D32429}.Release|Any CPU.Build.0 = Release|Any CPU
		{04BD5DEC-9664-4349-84FB-A991B2D32429}.Release|x64.ActiveCfg = Release|Any CPU
		{04BD5DEC-9664-4349-84FB-A991B2D32429}.Release|x64.Build.0 = Release|Any CPU
		{04BD5DEC-9664-4349-84FB-A991B2D32429}.Release|x86.ActiveCfg = Release|Any CPU
		{04BD5DEC-9664-4349-84FB-A991B2D32429}.Release|x86.Build.0 = Release|Any CPU
		{27EDB479-F8F1-44A4-B9E8-80892A632383}.Debug|Any CPU.ActiveCfg = Debug|Any CPU
		{27EDB479-F8F1-44A4-B9E8-80892A632383}.Debug|Any CPU.Build.0 = Debug|Any CPU
		{27EDB479-F8F1-44A4-B9E8-80892A632383}.Debug|x64.ActiveCfg = Debug|Any CPU
		{27EDB479-F8F1-44A4-B9E8-80892A632383}.Debug|x64.Build.0 = Debug|Any CPU
		{27EDB479-F8F1-44A4-B9E8-80892A632383}.Debug|x86.ActiveCfg = Debug|Any CPU
		{27EDB479-F8F1-44A4-B9E8-80892A632383}.Debug|x86.Build.0 = Debug|Any CPU
		{27EDB479-F8F1-44A4-B9E8-80892A632383}.Release|Any CPU.ActiveCfg = Release|Any CPU
		{27EDB479-F8F1-44A4-B9E8-80892A632383}.Release|Any CPU.Build.0 = Release|Any CPU
		{27EDB479-F8F1-44A4-B9E8-80892A632383}.Release|x64.ActiveCfg = Release|Any CPU
		{27EDB479-F8F1-44A4-B9E8-80892A632383}.Release|x64.Build.0 = Release|Any CPU
		{27EDB479-F8F1-44A4-B9E8-80892A632383}.Release|x86.ActiveCfg = Release|Any CPU
		{27EDB479-F8F1-44A4-B9E8-80892A632383}.Release|x86.Build.0 = Release|Any CPU
		{25D09B5C-6C48-41B4-93EF-DF11D441BCDF}.Debug|Any CPU.ActiveCfg = Debug|Any CPU
		{25D09B5C-6C48-41B4-93EF-DF11D441BCDF}.Debug|Any CPU.Build.0 = Debug|Any CPU
		{25D09B5C-6C48-41B4-93EF-DF11D441BCDF}.Debug|x64.ActiveCfg = Debug|Any CPU
		{25D09B5C-6C48-41B4-93EF-DF11D441BCDF}.Debug|x64.Build.0 = Debug|Any CPU
		{25D09B5C-6C48-41B4-93EF-DF11D441BCDF}.Debug|x86.ActiveCfg = Debug|Any CPU
		{25D09B5C-6C48-41B4-93EF-DF11D441BCDF}.Debug|x86.Build.0 = Debug|Any CPU
		{25D09B5C-6C48-41B4-93EF-DF11D441BCDF}.Release|Any CPU.ActiveCfg = Release|Any CPU
		{25D09B5C-6C48-41B4-93EF-DF11D441BCDF}.Release|Any CPU.Build.0 = Release|Any CPU
		{25D09B5C-6C48-41B4-93EF-DF11D441BCDF}.Release|x64.ActiveCfg = Release|Any CPU
		{25D09B5C-6C48-41B4-93EF-DF11D441BCDF}.Release|x64.Build.0 = Release|Any CPU
		{25D09B5C-6C48-41B4-93EF-DF11D441BCDF}.Release|x86.ActiveCfg = Release|Any CPU
		{25D09B5C-6C48-41B4-93EF-DF11D441BCDF}.Release|x86.Build.0 = Release|Any CPU
	EndGlobalSection
	GlobalSection(SolutionProperties) = preSolution
		HideSolutionNode = FALSE
	EndGlobalSection
	GlobalSection(NestedProjects) = preSolution
		{25D09B5C-6C48-41B4-93EF-DF11D441BCDF} = {0AB3BF05-4346-4AA6-1389-037BE0695223}
	EndGlobalSection
EndGlobal
